// !$*UTF8*$!
{
	archiveVersion = 1;
	classes = {
	};
	objectVersion = 48;
	objects = {

/* Begin PBXBuildFile section */
		1F840DCA1F7302BD0061CE2F /* main.cpp in Sources */ = {isa = PBXBuildFile; fileRef = 1F840DC91F7302BD0061CE2F /* main.cpp */; };
		1F840DDD1F73030F0061CE2F /* RPPG.cpp in Sources */ = {isa = PBXBuildFile; fileRef = 1F840DD01F73030E0061CE2F /* RPPG.cpp */; };
		1F840DDE1F73030F0061CE2F /* opencv.cpp in Sources */ = {isa = PBXBuildFile; fileRef = 1F840DD11F73030E0061CE2F /* opencv.cpp */; };
		1F840DDF1F73030F0061CE2F /* Heartbeat.cpp in Sources */ = {isa = PBXBuildFile; fileRef = 1F840DD21F73030E0061CE2F /* Heartbeat.cpp */; };
		1F840DE01F73030F0061CE2F /* FFmpegEncoder.cpp in Sources */ = {isa = PBXBuildFile; fileRef = 1F840DD81F73030F0061CE2F /* FFmpegEncoder.cpp */; };
		1F840DE11F73030F0061CE2F /* Baseline.cpp in Sources */ = {isa = PBXBuildFile; fileRef = 1F840DD91F73030F0061CE2F /* Baseline.cpp */; };
		1F840DE21F73030F0061CE2F /* FFmpegDecoder.cpp in Sources */ = {isa = PBXBuildFile; fileRef = 1F840DDC1F73030F0061CE2F /* FFmpegDecoder.cpp */; };
/* End PBXBuildFile section */

/* Begin PBXCopyFilesBuildPhase section */
		1F840DC41F7302BD0061CE2F /* CopyFiles */ = {
			isa = PBXCopyFilesBuildPhase;
			buildActionMask = 2147483647;
			dstPath = /usr/share/man/man1/;
			dstSubfolderSpec = 0;
			files = (
			);
			runOnlyForDeploymentPostprocessing = 1;
		};
/* End PBXCopyFilesBuildPhase section */

/* Begin PBXFileReference section */
		1F840DC61F7302BD0061CE2F /* HeartBeatMaster */ = {isa = PBXFileReference; explicitFileType = "compiled.mach-o.executable"; includeInIndex = 0; path = HeartBeatMaster; sourceTree = BUILT_PRODUCTS_DIR; };
		1F840DC91F7302BD0061CE2F /* main.cpp */ = {isa = PBXFileReference; lastKnownFileType = sourcecode.cpp.cpp; path = main.cpp; sourceTree = "<group>"; };
		1F840DD01F73030E0061CE2F /* RPPG.cpp */ = {isa = PBXFileReference; lastKnownFileType = sourcecode.cpp.cpp; path = RPPG.cpp; sourceTree = "<group>"; };
		1F840DD11F73030E0061CE2F /* opencv.cpp */ = {isa = PBXFileReference; lastKnownFileType = sourcecode.cpp.cpp; path = opencv.cpp; sourceTree = "<group>"; };
		1F840DD21F73030E0061CE2F /* Heartbeat.cpp */ = {isa = PBXFileReference; lastKnownFileType = sourcecode.cpp.cpp; path = Heartbeat.cpp; sourceTree = "<group>"; };
		1F840DD31F73030E0061CE2F /* Heartbeat.hpp */ = {isa = PBXFileReference; lastKnownFileType = sourcecode.cpp.h; path = Heartbeat.hpp; sourceTree = "<group>"; };
		1F840DD41F73030E0061CE2F /* opencv.hpp */ = {isa = PBXFileReference; lastKnownFileType = sourcecode.cpp.h; path = opencv.hpp; sourceTree = "<group>"; };
		1F840DD51F73030E0061CE2F /* FFmpegDecoder.hpp */ = {isa = PBXFileReference; lastKnownFileType = sourcecode.cpp.h; path = FFmpegDecoder.hpp; sourceTree = "<group>"; };
		1F840DD61F73030F0061CE2F /* FFmpegEncoder.hpp */ = {isa = PBXFileReference; lastKnownFileType = sourcecode.cpp.h; path = FFmpegEncoder.hpp; sourceTree = "<group>"; };
		1F840DD71F73030F0061CE2F /* Baseline.hpp */ = {isa = PBXFileReference; lastKnownFileType = sourcecode.cpp.h; path = Baseline.hpp; sourceTree = "<group>"; };
		1F840DD81F73030F0061CE2F /* FFmpegEncoder.cpp */ = {isa = PBXFileReference; lastKnownFileType = sourcecode.cpp.cpp; path = FFmpegEncoder.cpp; sourceTree = "<group>"; };
		1F840DD91F73030F0061CE2F /* Baseline.cpp */ = {isa = PBXFileReference; lastKnownFileType = sourcecode.cpp.cpp; path = Baseline.cpp; sourceTree = "<group>"; };
		1F840DDA1F73030F0061CE2F /* RPPG.hpp */ = {isa = PBXFileReference; lastKnownFileType = sourcecode.cpp.h; path = RPPG.hpp; sourceTree = "<group>"; };
		1F840DDB1F73030F0061CE2F /* haarcascade_frontalface_alt.xml */ = {isa = PBXFileReference; lastKnownFileType = text.xml; path = haarcascade_frontalface_alt.xml; sourceTree = "<group>"; };
		1F840DDC1F73030F0061CE2F /* FFmpegDecoder.cpp */ = {isa = PBXFileReference; lastKnownFileType = sourcecode.cpp.cpp; path = FFmpegDecoder.cpp; sourceTree = "<group>"; };
/* End PBXFileReference section */

/* Begin PBXFrameworksBuildPhase section */
		1F840DC31F7302BD0061CE2F /* Frameworks */ = {
			isa = PBXFrameworksBuildPhase;
			buildActionMask = 2147483647;
			files = (
			);
			runOnlyForDeploymentPostprocessing = 0;
		};
/* End PBXFrameworksBuildPhase section */

/* Begin PBXGroup section */
		1F840DBD1F7302BD0061CE2F = {
			isa = PBXGroup;
			children = (
				1F840DC81F7302BD0061CE2F /* HeartBeatMaster */,
				1F840DC71F7302BD0061CE2F /* Products */,
			);
			sourceTree = "<group>";
		};
		1F840DC71F7302BD0061CE2F /* Products */ = {
			isa = PBXGroup;
			children = (
				1F840DC61F7302BD0061CE2F /* HeartBeatMaster */,
			);
			name = Products;
			sourceTree = "<group>";
		};
		1F840DC81F7302BD0061CE2F /* HeartBeatMaster */ = {
			isa = PBXGroup;
			children = (
				1F840DD91F73030F0061CE2F /* Baseline.cpp */,
				1F840DD71F73030F0061CE2F /* Baseline.hpp */,
				1F840DDC1F73030F0061CE2F /* FFmpegDecoder.cpp */,
				1F840DD51F73030E0061CE2F /* FFmpegDecoder.hpp */,
				1F840DD81F73030F0061CE2F /* FFmpegEncoder.cpp */,
				1F840DD61F73030F0061CE2F /* FFmpegEncoder.hpp */,
				1F840DDB1F73030F0061CE2F /* haarcascade_frontalface_alt.xml */,
				1F840DD21F73030E0061CE2F /* Heartbeat.cpp */,
				1F840DD31F73030E0061CE2F /* Heartbeat.hpp */,
				1F840DD11F73030E0061CE2F /* opencv.cpp */,
				1F840DD41F73030E0061CE2F /* opencv.hpp */,
				1F840DD01F73030E0061CE2F /* RPPG.cpp */,
				1F840DDA1F73030F0061CE2F /* RPPG.hpp */,
				1F840DC91F7302BD0061CE2F /* main.cpp */,
			);
			path = HeartBeatMaster;
			sourceTree = "<group>";
		};
/* End PBXGroup section */

/* Begin PBXNativeTarget section */
		1F840DC51F7302BD0061CE2F /* HeartBeatMaster */ = {
			isa = PBXNativeTarget;
			buildConfigurationList = 1F840DCD1F7302BD0061CE2F /* Build configuration list for PBXNativeTarget "HeartBeatMaster" */;
			buildPhases = (
				1F840DC21F7302BD0061CE2F /* Sources */,
				1F840DC31F7302BD0061CE2F /* Frameworks */,
				1F840DC41F7302BD0061CE2F /* CopyFiles */,
			);
			buildRules = (
			);
			dependencies = (
			);
			name = HeartBeatMaster;
			productName = HeartBeatMaster;
			productReference = 1F840DC61F7302BD0061CE2F /* HeartBeatMaster */;
			productType = "com.apple.product-type.tool";
		};
/* End PBXNativeTarget section */

/* Begin PBXProject section */
		1F840DBE1F7302BD0061CE2F /* Project object */ = {
			isa = PBXProject;
			attributes = {
				LastUpgradeCheck = 0900;
				ORGANIZATIONNAME = "Marcel Ochsendorf";
				TargetAttributes = {
					1F840DC51F7302BD0061CE2F = {
						CreatedOnToolsVersion = 9.0;
						ProvisioningStyle = Automatic;
					};
				};
			};
			buildConfigurationList = 1F840DC11F7302BD0061CE2F /* Build configuration list for PBXProject "HeartBeatMaster" */;
			compatibilityVersion = "Xcode 8.0";
			developmentRegion = en;
			hasScannedForEncodings = 0;
			knownRegions = (
				en,
			);
			mainGroup = 1F840DBD1F7302BD0061CE2F;
			productRefGroup = 1F840DC71F7302BD0061CE2F /* Products */;
			projectDirPath = "";
			projectRoot = "";
			targets = (
				1F840DC51F7302BD0061CE2F /* HeartBeatMaster */,
			);
		};
/* End PBXProject section */

/* Begin PBXSourcesBuildPhase section */
		1F840DC21F7302BD0061CE2F /* Sources */ = {
			isa = PBXSourcesBuildPhase;
			buildActionMask = 2147483647;
			files = (
				1F840DE11F73030F0061CE2F /* Baseline.cpp in Sources */,
				1F840DDD1F73030F0061CE2F /* RPPG.cpp in Sources */,
				1F840DE01F73030F0061CE2F /* FFmpegEncoder.cpp in Sources */,
				1F840DE21F73030F0061CE2F /* FFmpegDecoder.cpp in Sources */,
				1F840DDE1F73030F0061CE2F /* opencv.cpp in Sources */,
				1F840DDF1F73030F0061CE2F /* Heartbeat.cpp in Sources */,
				1F840DCA1F7302BD0061CE2F /* main.cpp in Sources */,
			);
			runOnlyForDeploymentPostprocessing = 0;
		};
/* End PBXSourcesBuildPhase section */

/* Begin XCBuildConfiguration section */
		1F840DCB1F7302BD0061CE2F /* Debug */ = {
			isa = XCBuildConfiguration;
			buildSettings = {
				ALWAYS_SEARCH_USER_PATHS = NO;
				CLANG_ANALYZER_NONNULL = YES;
				CLANG_ANALYZER_NUMBER_OBJECT_CONVERSION = YES_AGGRESSIVE;
				CLANG_CXX_LANGUAGE_STANDARD = "gnu++14";
				CLANG_CXX_LIBRARY = "libc++";
				CLANG_ENABLE_MODULES = YES;
				CLANG_ENABLE_OBJC_ARC = YES;
				CLANG_WARN_BLOCK_CAPTURE_AUTORELEASING = YES;
				CLANG_WARN_BOOL_CONVERSION = YES;
				CLANG_WARN_COMMA = YES;
				CLANG_WARN_CONSTANT_CONVERSION = YES;
				CLANG_WARN_DIRECT_OBJC_ISA_USAGE = YES_ERROR;
				CLANG_WARN_DOCUMENTATION_COMMENTS = YES;
				CLANG_WARN_EMPTY_BODY = YES;
				CLANG_WARN_ENUM_CONVERSION = YES;
				CLANG_WARN_INFINITE_RECURSION = YES;
				CLANG_WARN_INT_CONVERSION = YES;
				CLANG_WARN_NON_LITERAL_NULL_CONVERSION = YES;
				CLANG_WARN_OBJC_LITERAL_CONVERSION = YES;
				CLANG_WARN_OBJC_ROOT_CLASS = YES_ERROR;
				CLANG_WARN_RANGE_LOOP_ANALYSIS = YES;
				CLANG_WARN_STRICT_PROTOTYPES = YES;
				CLANG_WARN_SUSPICIOUS_MOVE = YES;
				CLANG_WARN_UNGUARDED_AVAILABILITY = YES_AGGRESSIVE;
				CLANG_WARN_UNREACHABLE_CODE = YES;
				CLANG_WARN__DUPLICATE_METHOD_MATCH = YES;
				CODE_SIGN_IDENTITY = "-";
				COPY_PHASE_STRIP = NO;
				DEBUG_INFORMATION_FORMAT = dwarf;
				ENABLE_STRICT_OBJC_MSGSEND = YES;
				ENABLE_TESTABILITY = YES;
				GCC_C_LANGUAGE_STANDARD = gnu11;
				GCC_DYNAMIC_NO_PIC = NO;
				GCC_NO_COMMON_BLOCKS = YES;
				GCC_OPTIMIZATION_LEVEL = 0;
				GCC_PREPROCESSOR_DEFINITIONS = (
					"DEBUG=1",
					"$(inherited)",
				);
				GCC_WARN_64_TO_32_BIT_CONVERSION = YES;
				GCC_WARN_ABOUT_RETURN_TYPE = YES_ERROR;
				GCC_WARN_UNDECLARED_SELECTOR = YES;
				GCC_WARN_UNINITIALIZED_AUTOS = YES_AGGRESSIVE;
				GCC_WARN_UNUSED_FUNCTION = YES;
				GCC_WARN_UNUSED_VARIABLE = YES;
				MACOSX_DEPLOYMENT_TARGET = 10.12;
				MTL_ENABLE_DEBUG_INFO = YES;
				ONLY_ACTIVE_ARCH = YES;
				SDKROOT = macosx;
			};
			name = Debug;
		};
		1F840DCC1F7302BD0061CE2F /* Release */ = {
			isa = XCBuildConfiguration;
			buildSettings = {
				ALWAYS_SEARCH_USER_PATHS = NO;
				CLANG_ANALYZER_NONNULL = YES;
				CLANG_ANALYZER_NUMBER_OBJECT_CONVERSION = YES_AGGRESSIVE;
				CLANG_CXX_LANGUAGE_STANDARD = "gnu++14";
				CLANG_CXX_LIBRARY = "libc++";
				CLANG_ENABLE_MODULES = YES;
				CLANG_ENABLE_OBJC_ARC = YES;
				CLANG_WARN_BLOCK_CAPTURE_AUTORELEASING = YES;
				CLANG_WARN_BOOL_CONVERSION = YES;
				CLANG_WARN_COMMA = YES;
				CLANG_WARN_CONSTANT_CONVERSION = YES;
				CLANG_WARN_DIRECT_OBJC_ISA_USAGE = YES_ERROR;
				CLANG_WARN_DOCUMENTATION_COMMENTS = YES;
				CLANG_WARN_EMPTY_BODY = YES;
				CLANG_WARN_ENUM_CONVERSION = YES;
				CLANG_WARN_INFINITE_RECURSION = YES;
				CLANG_WARN_INT_CONVERSION = YES;
				CLANG_WARN_NON_LITERAL_NULL_CONVERSION = YES;
				CLANG_WARN_OBJC_LITERAL_CONVERSION = YES;
				CLANG_WARN_OBJC_ROOT_CLASS = YES_ERROR;
				CLANG_WARN_RANGE_LOOP_ANALYSIS = YES;
				CLANG_WARN_STRICT_PROTOTYPES = YES;
				CLANG_WARN_SUSPICIOUS_MOVE = YES;
				CLANG_WARN_UNGUARDED_AVAILABILITY = YES_AGGRESSIVE;
				CLANG_WARN_UNREACHABLE_CODE = YES;
				CLANG_WARN__DUPLICATE_METHOD_MATCH = YES;
				CODE_SIGN_IDENTITY = "-";
				COPY_PHASE_STRIP = NO;
				DEBUG_INFORMATION_FORMAT = "dwarf-with-dsym";
				ENABLE_NS_ASSERTIONS = NO;
				ENABLE_STRICT_OBJC_MSGSEND = YES;
				GCC_C_LANGUAGE_STANDARD = gnu11;
				GCC_NO_COMMON_BLOCKS = YES;
				GCC_WARN_64_TO_32_BIT_CONVERSION = YES;
				GCC_WARN_ABOUT_RETURN_TYPE = YES_ERROR;
				GCC_WARN_UNDECLARED_SELECTOR = YES;
				GCC_WARN_UNINITIALIZED_AUTOS = YES_AGGRESSIVE;
				GCC_WARN_UNUSED_FUNCTION = YES;
				GCC_WARN_UNUSED_VARIABLE = YES;
				MACOSX_DEPLOYMENT_TARGET = 10.12;
				MTL_ENABLE_DEBUG_INFO = NO;
				SDKROOT = macosx;
			};
			name = Release;
		};
		1F840DCE1F7302BD0061CE2F /* Debug */ = {
			isa = XCBuildConfiguration;
			buildSettings = {
				CODE_SIGN_STYLE = Automatic;
				PRODUCT_NAME = "$(TARGET_NAME)";
			};
			name = Debug;
		};
		1F840DCF1F7302BD0061CE2F /* Release */ = {
			isa = XCBuildConfiguration;
			buildSettings = {
				CODE_SIGN_STYLE = Automatic;
				PRODUCT_NAME = "$(TARGET_NAME)";
			};
			name = Release;
		};
/* End XCBuildConfiguration section */

/* Begin XCConfigurationList section */
		1F840DC11F7302BD0061CE2F /* Build configuration list for PBXProject "HeartBeatMaster" */ = {
			isa = XCConfigurationList;
			buildConfigurations = (
				1F840DCB1F7302BD0061CE2F /* Debug */,
				1F840DCC1F7302BD0061CE2F /* Release */,
			);
			defaultConfigurationIsVisible = 0;
			defaultConfigurationName = Release;
		};
		1F840DCD1F7302BD0061CE2F /* Build configuration list for PBXNativeTarget "HeartBeatMaster" */ = {
			isa = XCConfigurationList;
			buildConfigurations = (
				1F840DCE1F7302BD0061CE2F /* Debug */,
				1F840DCF1F7302BD0061CE2F /* Release */,
			);
			defaultConfigurationIsVisible = 0;
			defaultConfigurationName = Release;
		};
/* End XCConfigurationList section */
	};
	rootObject = 1F840DBE1F7302BD0061CE2F /* Project object */;
}
